
Microsoft Visual Studio Solution File, Format Version 12.00
# Visual Studio Version 16
VisualStudioVersion = 16.0.29418.71
MinimumVisualStudioVersion = 10.0.40219.1
Project("{FAE04EC0-301F-11D3-BF4B-00C04F79EFBC}") = "dayOne", "dayOne\dayOne.csproj", "{045A90E6-4A5A-4BB2-BC40-D8DF89EAFB80}"
EndProject
Global
	GlobalSection(SolutionConfigurationPlatforms) = preSolution
		Debug|Any CPU = Debug|Any CPU
		Release|Any CPU = Release|Any CPU
	EndGlobalSection
	GlobalSection(ProjectConfigurationPlatforms) = postSolution
		{045A90E6-4A5A-4BB2-BC40-D8DF89EAFB80}.Debug|Any CPU.ActiveCfg = Debug|Any CPU
		{045A90E6-4A5A-4BB2-BC40-D8DF89EAFB80}.Debug|Any CPU.Build.0 = Debug|Any CPU
		{045A90E6-4A5A-4BB2-BC40-D8DF89EAFB80}.Release|Any CPU.ActiveCfg = Release|Any CPU
		{045A90E6-4A5A-4BB2-BC40-D8DF89EAFB80}.Release|Any CPU.Build.0 = Release|Any CPU
	EndGlobalSection
	GlobalSection(SolutionProperties) = preSolution
		HideSolutionNode = FALSE
	EndGlobalSection
	GlobalSection(ExtensibilityGlobals) = postSolution
		SolutionGuid = {932E1E82-77B4-495E-8AA0-C0D239C2212A}
	EndGlobalSection
EndGlobal
